github.com/huseyinbabal/microservices/order v0.0.0-20230110182123-6a0c8d9f8a8a h1:jiWZ4UFp+jW2N/ZOSqqZnkztcRqxGIlAOmbWJ9Zs2sc=
github.com/huseyinbabal/microservices/order v0.0.0-20230110182123-6a0c8d9f8a8a/go.mod h1:7p9MFQJLLFCtvCXSlao6tnE9s1cc9sVHPVpIBeZT7M8=
github.com/longlnOff/microservices-proto/golang/payment v1.2.5 h1:49GQaKm205o7UV4Ia0x0rF7J6k4AOBTsobdwt0QddCw=
github.com/longlnOff/microservices-proto/golang/payment v1.2.5/go.mod h1:vDWc2PlAVJAFQukV+9AXhBaNcPBOgiI1Hl6VL3GZ4eo=
github.com/longlnOff/microservices/order v0.0.0-20250417015019-730f350defcc h1:1Ka6TS918gvkmkz86iEaDinX3f4HGtfL5ilucdNr+YQ=
github.com/longlnOff/microservices/order v0.0.0-20250417015019-730f350defcc/go.mod h1:+OnLeCbAcl85pG3kGIx0HC7hbzUnZQKCHoP1istRej8=
golang.org/x/net v0.39.0 h1:ZCu7HMWDxpXpaiKdhzIfaltL9Lp31x/3fCP11bc6/fY=
golang.org/x/net v0.39.0/go.mod h1:X7NRbYVEA+ewNkCNyJ513WmMdQ3BineSwVtN2zD/d+E=
golang.org/x/sys v0.32.0 h1:s77OFDvIQeibCmezSnk/q6iAfkdiQaJi4VzroCFrN20=
golang.org/x/sys v0.32.0/go.mod h1:BJP2sWEmIv4KK5OTEluFJCKSidICx8ciO85XgH3Ak8k=
golang.org/x/text v0.24.0 h1:dd5Bzh4yt5KYA8f9CJHCP4FB4D51c2c6JvN37xJJkJ0=
golang.org/x/text v0.24.0/go.mod h1:L8rBsPeo2pSS+xqN0d5u2ikmjtmoJbDBT1b7nHvFCdU=
google.golang.org/genproto/googleapis/rpc v0.0.0-20250414145226-207652e42e2e h1:ztQaXfzEXTmCBvbtWYRhJxW+0iJcz2qXfd38/e9l7bA=
google.golang.org/genproto/googleapis/rpc v0.0.0-20250414145226-207652e42e2e/go.mod h1:qQ0YXyHHx3XkvlzUtpXDkS29lDSafHMZBAZDc03LQ3A=
google.golang.org/grpc v1.71.1 h1:ffsFWr7ygTUscGPI0KKK6TLrGz0476KUvvsbqWK0rPI=
google.golang.org/grpc v1.71.1/go.mod h1:H0GRtasmQOh9LkFoCPDu3ZrwUtD1YGE+b2vYBYd/8Ec=
google.golang.org/protobuf v1.36.6 h1:z1NpPI8ku2WgiWnf+t9wTPsn6eP1L7ksHUlkfLvd9xY=
google.golang.org/protobuf v1.36.6/go.mod h1:jduwjTPXsFjZGTmRluh+L6NjiWu7pchiJ2/5YcXBHnY=
